
Microsoft Visual Studio Solution File, Format Version 12.00
# Visual Studio Version 18
VisualStudioVersion = 18.3.11520.95
MinimumVisualStudioVersion = 10.0.40219.1
Project("{FAE04EC0-301F-11D3-BF4B-00C04F79EFBC}") = "TemplateMethod", "TemplateMethod\TemplateMethod.csproj", "{23879C82-EC3C-4803-9437-BF1BB83FA3C4}"
EndProject
Project("{FAE04EC0-301F-11D3-BF4B-00C04F79EFBC}") = "ChainofResponsability", "ChainofResponsability\ChainofResponsability.csproj", "{0D4FFFE5-EE21-483B-94C6-BC128E0C617C}"
EndProject
Project("{FAE04EC0-301F-11D3-BF4B-00C04F79EFBC}") = "Command", "Command\Command.csproj", "{B97EDD67-1217-402B-9D91-FDA0D568F854}"
EndProject
Project("{FAE04EC0-301F-11D3-BF4B-00C04F79EFBC}") = "Iterator", "Iterator\Iterator.csproj", "{83AD834E-50D6-4457-B8C5-789C58FB2D0F}"
EndProject
Project("{FAE04EC0-301F-11D3-BF4B-00C04F79EFBC}") = "Mediator", "Mediator\Mediator.csproj", "{ABAF1747-5FCD-44FD-B173-30C2D2038BB3}"
EndProject
Project("{FAE04EC0-301F-11D3-BF4B-00C04F79EFBC}") = "Memento", "Memento\Memento.csproj", "{FFCDC792-BE87-D430-6A55-9F9D0DA04C02}"
EndProject
Project("{FAE04EC0-301F-11D3-BF4B-00C04F79EFBC}") = "Observer", "Observer\Observer.csproj", "{231A262A-F463-5755-8F96-81C9687BD273}"
EndProject
Project("{FAE04EC0-301F-11D3-BF4B-00C04F79EFBC}") = "State", "State\State.csproj", "{A6639FC8-43CB-DCDF-A29D-D7FB6D74438E}"
EndProject
Project("{FAE04EC0-301F-11D3-BF4B-00C04F79EFBC}") = "Strategy", "Strategy\Strategy.csproj", "{76F71D1A-30FC-F9BD-DEBE-1F62C4454ECD}"
EndProject
Global
	GlobalSection(SolutionConfigurationPlatforms) = preSolution
		Debug|Any CPU = Debug|Any CPU
		Release|Any CPU = Release|Any CPU
	EndGlobalSection
	GlobalSection(ProjectConfigurationPlatforms) = postSolution
		{23879C82-EC3C-4803-9437-BF1BB83FA3C4}.Debug|Any CPU.ActiveCfg = Debug|Any CPU
		{23879C82-EC3C-4803-9437-BF1BB83FA3C4}.Debug|Any CPU.Build.0 = Debug|Any CPU
		{23879C82-EC3C-4803-9437-BF1BB83FA3C4}.Release|Any CPU.ActiveCfg = Release|Any CPU
		{23879C82-EC3C-4803-9437-BF1BB83FA3C4}.Release|Any CPU.Build.0 = Release|Any CPU
		{0D4FFFE5-EE21-483B-94C6-BC128E0C617C}.Debug|Any CPU.ActiveCfg = Debug|Any CPU
		{0D4FFFE5-EE21-483B-94C6-BC128E0C617C}.Debug|Any CPU.Build.0 = Debug|Any CPU
		{0D4FFFE5-EE21-483B-94C6-BC128E0C617C}.Release|Any CPU.ActiveCfg = Release|Any CPU
		{0D4FFFE5-EE21-483B-94C6-BC128E0C617C}.Release|Any CPU.Build.0 = Release|Any CPU
		{B97EDD67-1217-402B-9D91-FDA0D568F854}.Debug|Any CPU.ActiveCfg = Debug|Any CPU
		{B97EDD67-1217-402B-9D91-FDA0D568F854}.Debug|Any CPU.Build.0 = Debug|Any CPU
		{B97EDD67-1217-402B-9D91-FDA0D568F854}.Release|Any CPU.ActiveCfg = Release|Any CPU
		{B97EDD67-1217-402B-9D91-FDA0D568F854}.Release|Any CPU.Build.0 = Release|Any CPU
		{83AD834E-50D6-4457-B8C5-789C58FB2D0F}.Debug|Any CPU.ActiveCfg = Debug|Any CPU
		{83AD834E-50D6-4457-B8C5-789C58FB2D0F}.Debug|Any CPU.Build.0 = Debug|Any CPU
		{83AD834E-50D6-4457-B8C5-789C58FB2D0F}.Release|Any CPU.ActiveCfg = Release|Any CPU
		{83AD834E-50D6-4457-B8C5-789C58FB2D0F}.Release|Any CPU.Build.0 = Release|Any CPU
		{ABAF1747-5FCD-44FD-B173-30C2D2038BB3}.Debug|Any CPU.ActiveCfg = Debug|Any CPU
		{ABAF1747-5FCD-44FD-B173-30C2D2038BB3}.Debug|Any CPU.Build.0 = Debug|Any CPU
		{ABAF1747-5FCD-44FD-B173-30C2D2038BB3}.Release|Any CPU.ActiveCfg = Release|Any CPU
		{ABAF1747-5FCD-44FD-B173-30C2D2038BB3}.Release|Any CPU.Build.0 = Release|Any CPU
		{FFCDC792-BE87-D430-6A55-9F9D0DA04C02}.Debug|Any CPU.ActiveCfg = Debug|Any CPU
		{FFCDC792-BE87-D430-6A55-9F9D0DA04C02}.Debug|Any CPU.Build.0 = Debug|Any CPU
		{FFCDC792-BE87-D430-6A55-9F9D0DA04C02}.Release|Any CPU.ActiveCfg = Release|Any CPU
		{FFCDC792-BE87-D430-6A55-9F9D0DA04C02}.Release|Any CPU.Build.0 = Release|Any CPU
		{231A262A-F463-5755-8F96-81C9687BD273}.Debug|Any CPU.ActiveCfg = Debug|Any CPU
		{231A262A-F463-5755-8F96-81C9687BD273}.Debug|Any CPU.Build.0 = Debug|Any CPU
		{231A262A-F463-5755-8F96-81C9687BD273}.Release|Any CPU.ActiveCfg = Release|Any CPU
		{231A262A-F463-5755-8F96-81C9687BD273}.Release|Any CPU.Build.0 = Release|Any CPU
		{A6639FC8-43CB-DCDF-A29D-D7FB6D74438E}.Debug|Any CPU.ActiveCfg = Debug|Any CPU
		{A6639FC8-43CB-DCDF-A29D-D7FB6D74438E}.Debug|Any CPU.Build.0 = Debug|Any CPU
		{A6639FC8-43CB-DCDF-A29D-D7FB6D74438E}.Release|Any CPU.ActiveCfg = Release|Any CPU
		{A6639FC8-43CB-DCDF-A29D-D7FB6D74438E}.Release|Any CPU.Build.0 = Release|Any CPU
		{76F71D1A-30FC-F9BD-DEBE-1F62C4454ECD}.Debug|Any CPU.ActiveCfg = Debug|Any CPU
		{76F71D1A-30FC-F9BD-DEBE-1F62C4454ECD}.Debug|Any CPU.Build.0 = Debug|Any CPU
		{76F71D1A-30FC-F9BD-DEBE-1F62C4454ECD}.Release|Any CPU.ActiveCfg = Release|Any CPU
		{76F71D1A-30FC-F9BD-DEBE-1F62C4454ECD}.Release|Any CPU.Build.0 = Release|Any CPU
	EndGlobalSection
	GlobalSection(SolutionProperties) = preSolution
		HideSolutionNode = FALSE
	EndGlobalSection
	GlobalSection(ExtensibilityGlobals) = postSolution
		SolutionGuid = {279CA61D-E4AF-468B-B2C0-4FCF718424B8}
	EndGlobalSection
EndGlobal
